<?xml version="1.0" encoding="utf-8"?>
<Project ToolsVersion="4.0" xmlns="http://schemas.microsoft.com/developer/msbuild/2003">
  <ItemGroup>
    <Filter Include="Source Files">
      <UniqueIdentifier>{4FC737F1-C7A5-4376-A066-2A32D752A2FF}</UniqueIdentifier>
      <Extensions>cpp;cxx;c;def</Extensions>
    </Filter>
    <Filter Include="Header Files">
      <UniqueIdentifier>{93995380-89BD-4b04-88EB-625FBE52EBFB}</UniqueIdentifier>
      <Extensions>h</Extensions>
    </Filter>
    <Filter Include="Form Files">
      <UniqueIdentifier>{99349809-55BA-4b9d-BF79-8FDBB0286EB3}</UniqueIdentifier>
      <Extensions>ui</Extensions>
    </Filter>
    <Filter Include="Resource Files">
      <UniqueIdentifier>{D9D6E242-F8AF-46E4-B9FD-80ECBC20BA3E}</UniqueIdentifier>
      <Extensions>qrc;*</Extensions>
      <ParseFiles>false</ParseFiles>
    </Filter>
    <Filter Include="Generated Files">
      <UniqueIdentifier>{71ED8ED8-ACB9-4CE9-BBE1-E00B30144E11}</UniqueIdentifier>
      <Extensions>moc;h;cpp</Extensions>
      <SourceControlFiles>False</SourceControlFiles>
    </Filter>
    <Filter Include="Generated Files\Debug">
      <UniqueIdentifier>{b63ab644-aa27-4148-8aed-b169c7dce0f5}</UniqueIdentifier>
      <Extensions>cpp;moc</Extensions>
      <SourceControlFiles>False</SourceControlFiles>
    </Filter>
    <Filter Include="Generated Files\Release">
      <UniqueIdentifier>{af4d43e2-55c0-44a9-90dd-05985d02bb89}</UniqueIdentifier>
      <Extensions>cpp;moc</Extensions>
      <SourceControlFiles>False</SourceControlFiles>
    </Filter>
  </ItemGroup>
  <ItemGroup>
    <ClCompile Include="main.cpp">
      <Filter>Source Files</Filter>
    </ClCompile>
    <ClCompile Include="login1.cpp">
      <Filter>Source Files</Filter>
    </ClCompile>
    <ClCompile Include="GeneratedFiles\Debug\moc_login1.cpp">
      <Filter>Generated Files\Debug</Filter>
    </ClCompile>
    <ClCompile Include="GeneratedFiles\Release\moc_login1.cpp">
      <Filter>Generated Files\Release</Filter>
    </ClCompile>
    <ClCompile Include="GeneratedFiles\qrc_login1.cpp">
      <Filter>Generated Files</Filter>
    </ClCompile>
    <ClCompile Include="DbConnection.cpp">
      <Filter>Source Files</Filter>
    </ClCompile>
    <ClCompile Include="GeneratedFiles\Debug\moc_HomeScreen.cpp">
      <Filter>Generated Files\Debug</Filter>
    </ClCompile>
    <ClCompile Include="GeneratedFiles\Release\moc_HomeScreen.cpp">
      <Filter>Generated Files\Release</Filter>
    </ClCompile>
    <ClCompile Include="HomeScreen.cpp">
      <Filter>Source Files</Filter>
    </ClCompile>
    <ClCompile Include="GeneratedFiles\Debug\moc_Profile.cpp">
      <Filter>Generated Files\Debug</Filter>
    </ClCompile>
    <ClCompile Include="GeneratedFiles\Release\moc_Profile.cpp">
      <Filter>Generated Files\Release</Filter>
    </ClCompile>
    <ClCompile Include="Profile.cpp">
      <Filter>Source Files</Filter>
    </ClCompile>
    <ClCompile Include="Participant.cpp">
      <Filter>Source Files</Filter>
    </ClCompile>
    <ClCompile Include="Person.cpp">
      <Filter>Source Files</Filter>
    </ClCompile>
    <ClCompile Include="RemoveParticipant.cpp">
      <Filter>Source Files</Filter>
    </ClCompile>
    <ClCompile Include="GeneratedFiles\Debug\moc_RemoveParticipant.cpp">
      <Filter>Generated Files\Debug</Filter>
    </ClCompile>
    <ClCompile Include="GeneratedFiles\Release\moc_RemoveParticipant.cpp">
      <Filter>Generated Files\Release</Filter>
    </ClCompile>
    <ClCompile Include="GeneratedFiles\Debug\moc_AddProject.cpp">
      <Filter>Generated Files\Debug</Filter>
    </ClCompile>
    <ClCompile Include="GeneratedFiles\Release\moc_AddProject.cpp">
      <Filter>Generated Files\Release</Filter>
    </ClCompile>
    <ClCompile Include="AddProject.cpp">
      <Filter>Source Files</Filter>
    </ClCompile>
    <ClCompile Include="GeneratedFiles\Debug\moc_Duties.cpp">
      <Filter>Generated Files\Debug</Filter>
    </ClCompile>
    <ClCompile Include="Duties.cpp">
      <Filter>Source Files</Filter>
    </ClCompile>
    <ClCompile Include="SocietyMembers.cpp">
      <Filter>Source Files</Filter>
    </ClCompile>
    <ClCompile Include="GeneratedFiles\Release\moc_Duties.cpp">
      <Filter>Generated Files\Release</Filter>
    </ClCompile>
    <ClCompile Include="AddParticipant.cpp">
      <Filter>Source Files</Filter>
    </ClCompile>
    <ClCompile Include="GeneratedFiles\Debug\moc_AddParticipant.cpp">
      <Filter>Generated Files\Debug</Filter>
    </ClCompile>
    <ClCompile Include="GeneratedFiles\Release\moc_AddParticipant.cpp">
      <Filter>Generated Files\Release</Filter>
    </ClCompile>
    <ClCompile Include="GeneratedFiles\Debug\moc_assignproject.cpp">
      <Filter>Generated Files\Debug</Filter>
    </ClCompile>
    <ClCompile Include="GeneratedFiles\Release\moc_assignproject.cpp">
      <Filter>Generated Files\Release</Filter>
    </ClCompile>
    <ClCompile Include="assignproject.cpp">
      <Filter>Source Files</Filter>
    </ClCompile>
    <ClCompile Include="GeneratedFiles\Debug\moc_finance.cpp">
      <Filter>Generated Files\Debug</Filter>
    </ClCompile>
    <ClCompile Include="GeneratedFiles\Release\moc_finance.cpp">
      <Filter>Generated Files\Release</Filter>
    </ClCompile>
    <ClCompile Include="finance.cpp">
      <Filter>Source Files</Filter>
    </ClCompile>
    <ClCompile Include="SponsorDataFetch.cpp">
      <Filter>Source Files</Filter>
    </ClCompile>
    <ClCompile Include="ExpenseDataFetch.cpp">
      <Filter>Source Files</Filter>
    </ClCompile>
    <ClCompile Include="GeneratedFiles\Debug\moc_addresult.cpp">
      <Filter>Generated Files\Debug</Filter>
    </ClCompile>
    <ClCompile Include="GeneratedFiles\Release\moc_addresult.cpp">
      <Filter>Generated Files\Release</Filter>
    </ClCompile>
    <ClCompile Include="GeneratedFiles\Debug\moc_resulttable.cpp">
      <Filter>Generated Files\Debug</Filter>
    </ClCompile>
    <ClCompile Include="GeneratedFiles\Release\moc_resulttable.cpp">
      <Filter>Generated Files\Release</Filter>
    </ClCompile>
    <ClCompile Include="addresult.cpp">
      <Filter>Source Files</Filter>
    </ClCompile>
    <ClCompile Include="ResultDataFetch.cpp">
      <Filter>Source Files</Filter>
    </ClCompile>
    <ClCompile Include="resulttable.cpp">
      <Filter>Source Files</Filter>
    </ClCompile>
    <ClCompile Include="GeneratedFiles\Debug\moc_adddestination.cpp">
      <Filter>Generated Files\Debug</Filter>
    </ClCompile>
    <ClCompile Include="GeneratedFiles\Release\moc_adddestination.cpp">
      <Filter>Generated Files\Release</Filter>
    </ClCompile>
    <ClCompile Include="GeneratedFiles\Debug\moc_firstpage.cpp">
      <Filter>Generated Files\Debug</Filter>
    </ClCompile>
    <ClCompile Include="GeneratedFiles\Release\moc_firstpage.cpp">
      <Filter>Generated Files\Release</Filter>
    </ClCompile>
    <ClCompile Include="GeneratedFiles\Debug\moc_showschedule.cpp">
      <Filter>Generated Files\Debug</Filter>
    </ClCompile>
    <ClCompile Include="GeneratedFiles\Release\moc_showschedule.cpp">
      <Filter>Generated Files\Release</Filter>
    </ClCompile>
    <ClCompile Include="adddestination.cpp">
      <Filter>Source Files</Filter>
    </ClCompile>
    <ClCompile Include="firstpage.cpp">
      <Filter>Source Files</Filter>
    </ClCompile>
    <ClCompile Include="showschedule.cpp">
      <Filter>Source Files</Filter>
    </ClCompile>
    <ClCompile Include="mydal.cpp">
      <Filter>Source Files</Filter>
    </ClCompile>
    <ClCompile Include="GeneratedFiles\Debug\moc_timer.cpp">
      <Filter>Generated Files\Debug</Filter>
    </ClCompile>
    <ClCompile Include="GeneratedFiles\Release\moc_timer.cpp">
      <Filter>Generated Files\Release</Filter>
    </ClCompile>
    <ClCompile Include="GeneratedFiles\Debug\moc_LCDNumber.cpp">
      <Filter>Generated Files\Debug</Filter>
    </ClCompile>
    <ClCompile Include="GeneratedFiles\Release\moc_LCDNumber.cpp">
      <Filter>Generated Files\Release</Filter>
    </ClCompile>
    <ClCompile Include="timer.cpp">
      <Filter>Source Files</Filter>
    </ClCompile>
    <ClCompile Include="GeneratedFiles\Debug\moc_createGroup.cpp">
      <Filter>Generated Files\Debug</Filter>
    </ClCompile>
    <ClCompile Include="GeneratedFiles\Release\moc_createGroup.cpp">
      <Filter>Generated Files\Release</Filter>
    </ClCompile>
    <ClCompile Include="createGroup.cpp">
      <Filter>Source Files</Filter>
    </ClCompile>
  </ItemGroup>
  <ItemGroup>
    <CustomBuild Include="login1.h">
      <Filter>Header Files</Filter>
    </CustomBuild>
    <CustomBuild Include="login1.ui">
      <Filter>Form Files</Filter>
    </CustomBuild>
    <CustomBuild Include="login1.qrc">
      <Filter>Resource Files</Filter>
    </CustomBuild>
    <CustomBuild Include="HomeScreen.ui">
      <Filter>Form Files</Filter>
    </CustomBuild>
    <CustomBuild Include="HomeScreen.h">
      <Filter>Header Files</Filter>
    </CustomBuild>
    <CustomBuild Include="Profile.ui">
      <Filter>Form Files</Filter>
    </CustomBuild>
    <CustomBuild Include="Profile.h">
      <Filter>Header Files</Filter>
    </CustomBuild>
    <CustomBuild Include="RemoveParticipant.ui">
      <Filter>Form Files</Filter>
    </CustomBuild>
    <CustomBuild Include="RemoveParticipant.h">
      <Filter>Header Files</Filter>
    </CustomBuild>
    <CustomBuild Include="AddProject.ui">
      <Filter>Form Files</Filter>
    </CustomBuild>
    <CustomBuild Include="AddProject.h">
      <Filter>Header Files</Filter>
    </CustomBuild>
    <CustomBuild Include="Duties.ui">
      <Filter>Form Files</Filter>
    </CustomBuild>
    <CustomBuild Include="Duties.h">
      <Filter>Header Files</Filter>
    </CustomBuild>
    <CustomBuild Include="AddParticipant.ui">
      <Filter>Form Files</Filter>
    </CustomBuild>
    <CustomBuild Include="AddParticipant.h">
      <Filter>Header Files</Filter>
    </CustomBuild>
    <CustomBuild Include="assignproject.h">
      <Filter>Header Files</Filter>
    </CustomBuild>
    <CustomBuild Include="assignproject.ui">
      <Filter>Form Files</Filter>
    </CustomBuild>
    <CustomBuild Include="finance.ui">
      <Filter>Form Files</Filter>
    </CustomBuild>
    <CustomBuild Include="finance.h">
      <Filter>Header Files</Filter>
    </CustomBuild>
    <CustomBuild Include="addresult.ui">
      <Filter>Form Files</Filter>
    </CustomBuild>
    <CustomBuild Include="resulttable.ui">
      <Filter>Form Files</Filter>
    </CustomBuild>
    <CustomBuild Include="addresult.h">
      <Filter>Header Files</Filter>
    </CustomBuild>
    <CustomBuild Include="resulttable.h">
      <Filter>Header Files</Filter>
    </CustomBuild>
    <CustomBuild Include="adddestination.ui">
      <Filter>Form Files</Filter>
    </CustomBuild>
    <CustomBuild Include="firstpage.ui">
      <Filter>Form Files</Filter>
    </CustomBuild>
    <CustomBuild Include="showschedule.ui">
      <Filter>Form Files</Filter>
    </CustomBuild>
    <CustomBuild Include="adddestination.h">
      <Filter>Header Files</Filter>
    </CustomBuild>
    <CustomBuild Include="firstpage.h">
      <Filter>Header Files</Filter>
    </CustomBuild>
    <CustomBuild Include="showschedule.h">
      <Filter>Header Files</Filter>
    </CustomBuild>
    <CustomBuild Include="timer.ui">
      <Filter>Form Files</Filter>
    </CustomBuild>
    <CustomBuild Include="timer.h">
      <Filter>Header Files</Filter>
    </CustomBuild>
    <CustomBuild Include="LCDNumber.h">
      <Filter>Header Files</Filter>
    </CustomBuild>
    <CustomBuild Include="createGroup.ui">
      <Filter>Form Files</Filter>
    </CustomBuild>
    <CustomBuild Include="createGroup.h">
      <Filter>Header Files</Filter>
    </CustomBuild>
  </ItemGroup>
  <ItemGroup>
    <ClInclude Include="GeneratedFiles\ui_login1.h">
      <Filter>Generated Files</Filter>
    </ClInclude>
    <ClInclude Include="DbConnection.h">
      <Filter>Header Files</Filter>
    </ClInclude>
    <ClInclude Include="GeneratedFiles\ui_HomeScreen.h">
      <Filter>Generated Files</Filter>
    </ClInclude>
    <ClInclude Include="GeneratedFiles\ui_Profile.h">
      <Filter>Generated Files</Filter>
    </ClInclude>
    <ClInclude Include="Participant.h">
      <Filter>Header Files</Filter>
    </ClInclude>
    <ClInclude Include="Person.h">
      <Filter>Header Files</Filter>
    </ClInclude>
    <ClInclude Include="GeneratedFiles\ui_RemoveParticipant.h">
      <Filter>Generated Files</Filter>
    </ClInclude>
    <ClInclude Include="GeneratedFiles\ui_AddProject.h">
      <Filter>Generated Files</Filter>
    </ClInclude>
    <ClInclude Include="GeneratedFiles\ui_Duties.h">
      <Filter>Generated Files</Filter>
    </ClInclude>
    <ClInclude Include="SocietyMembers.h">
      <Filter>Header Files</Filter>
    </ClInclude>
    <ClInclude Include="GeneratedFiles\ui_AddParticipant.h">
      <Filter>Generated Files</Filter>
    </ClInclude>
    <ClInclude Include="Accomodation.h">
      <Filter>Header Files</Filter>
    </ClInclude>
    <ClInclude Include="Display.h">
      <Filter>Header Files</Filter>
    </ClInclude>
    <ClInclude Include="Operations.h">
      <Filter>Header Files</Filter>
    </ClInclude>
    <ClInclude Include="GeneratedFiles\ui_assignproject.h">
      <Filter>Generated Files</Filter>
    </ClInclude>
    <ClInclude Include="GeneratedFiles\ui_finance.h">
      <Filter>Generated Files</Filter>
    </ClInclude>
    <ClInclude Include="ExpenseDataFetch.h">
      <Filter>Header Files</Filter>
    </ClInclude>
    <ClInclude Include="SponsorDataFetch.h">
      <Filter>Header Files</Filter>
    </ClInclude>
    <ClInclude Include="GeneratedFiles\ui_addresult.h">
      <Filter>Generated Files</Filter>
    </ClInclude>
    <ClInclude Include="GeneratedFiles\ui_resulttable.h">
      <Filter>Generated Files</Filter>
    </ClInclude>
    <ClInclude Include="ResultDataFetch.h">
      <Filter>Header Files</Filter>
    </ClInclude>
    <ClInclude Include="GeneratedFiles\ui_adddestination.h">
      <Filter>Generated Files</Filter>
    </ClInclude>
    <ClInclude Include="GeneratedFiles\ui_firstpage.h">
      <Filter>Generated Files</Filter>
    </ClInclude>
    <ClInclude Include="GeneratedFiles\ui_showschedule.h">
      <Filter>Generated Files</Filter>
    </ClInclude>
    <ClInclude Include="mydal.h">
      <Filter>Header Files</Filter>
    </ClInclude>
    <ClInclude Include="GeneratedFiles\ui_timer.h">
      <Filter>Generated Files</Filter>
    </ClInclude>
    <ClInclude Include="GeneratedFiles\ui_createGroup.h">
      <Filter>Generated Files</Filter>
    </ClInclude>
  </ItemGroup>
</Project>